// !$*UTF8*$!
{
	archiveVersion = 1;
	classes = {
	};
	objectVersion = 50;
	objects = {

/* Begin PBXBuildFile section */
		80050F3021FA0278008CB718 /* camshift.cpp in Sources */ = {isa = PBXBuildFile; fileRef = 80050F2E21FA0278008CB718 /* camshift.cpp */; };
		80050F3221FA041A008CB718 /* lkdemo.cpp in Sources */ = {isa = PBXBuildFile; fileRef = 80050F3121FA041A008CB718 /* lkdemo.cpp */; };
		80050F3421FA0643008CB718 /* objectDetection.cpp in Sources */ = {isa = PBXBuildFile; fileRef = 80050F3321FA0643008CB718 /* objectDetection.cpp */; };
		8022B58321676D40005E39A7 /* CollectData.cpp in Sources */ = {isa = PBXBuildFile; fileRef = 8022B58221676D40005E39A7 /* CollectData.cpp */; };
		8022B5872167A7A8005E39A7 /* CreateMLData.cpp in Sources */ = {isa = PBXBuildFile; fileRef = 8022B5862167A7A8005E39A7 /* CreateMLData.cpp */; };
		803FF62321E7711800096FB6 /* ConvexHullDemo.cpp in Sources */ = {isa = PBXBuildFile; fileRef = 803FF62121E7711800096FB6 /* ConvexHullDemo.cpp */; };
		80635C6E219EACA50034D139 /* readshowpix.cpp in Sources */ = {isa = PBXBuildFile; fileRef = 80635C6D219EACA50034D139 /* readshowpix.cpp */; };
		80635C70219EB0610034D139 /* Histogram1D.hpp in Sources */ = {isa = PBXBuildFile; fileRef = 80635C6F219EB0610034D139 /* Histogram1D.hpp */; };
		808A933D2160646400200F31 /* GestureDetect.cpp in Sources */ = {isa = PBXBuildFile; fileRef = 808A933C2160646400200F31 /* GestureDetect.cpp */; };
		80AB3ECF21DE541C00F114BE /* GestureDetectV2.cpp in Sources */ = {isa = PBXBuildFile; fileRef = 80AB3ECD21DE541C00F114BE /* GestureDetectV2.cpp */; };
		80BE987521EB07A80099984D /* Demo.cpp in Sources */ = {isa = PBXBuildFile; fileRef = 80BE987421EB07A80099984D /* Demo.cpp */; };
		80BE987721EB07AF0099984D /* CollectData.cpp in Sources */ = {isa = PBXBuildFile; fileRef = 80BE987621EB07AF0099984D /* CollectData.cpp */; };
		80D1CCC7219A62CB006B1D2E /* Test.cpp in Sources */ = {isa = PBXBuildFile; fileRef = 80D1CCC6219A62CB006B1D2E /* Test.cpp */; };
/* End PBXBuildFile section */

/* Begin PBXCopyFilesBuildPhase section */
		805F02912148990300FE8595 /* CopyFiles */ = {
			isa = PBXCopyFilesBuildPhase;
			buildActionMask = 2147483647;
			dstPath = /usr/share/man/man1/;
			dstSubfolderSpec = 0;
			files = (
			);
			runOnlyForDeploymentPostprocessing = 1;
		};
/* End PBXCopyFilesBuildPhase section */

/* Begin PBXFileReference section */
		80050F2E21FA0278008CB718 /* camshift.cpp */ = {isa = PBXFileReference; lastKnownFileType = sourcecode.cpp.cpp; path = camshift.cpp; sourceTree = "<group>"; };
		80050F3121FA041A008CB718 /* lkdemo.cpp */ = {isa = PBXFileReference; fileEncoding = 4; lastKnownFileType = sourcecode.cpp.cpp; path = lkdemo.cpp; sourceTree = "<group>"; };
		80050F3321FA0643008CB718 /* objectDetection.cpp */ = {isa = PBXFileReference; fileEncoding = 4; lastKnownFileType = sourcecode.cpp.cpp; path = objectDetection.cpp; sourceTree = "<group>"; };
		80050F3521FA06D4008CB718 /* haarcascade_eye_tree_eyeglasses.xml */ = {isa = PBXFileReference; lastKnownFileType = text.xml; path = haarcascade_eye_tree_eyeglasses.xml; sourceTree = "<group>"; };
		80050F3621FA06D4008CB718 /* haarcascade_frontalface_alt.xml */ = {isa = PBXFileReference; lastKnownFileType = text.xml; path = haarcascade_frontalface_alt.xml; sourceTree = "<group>"; };
		8022B58221676D40005E39A7 /* CollectData.cpp */ = {isa = PBXFileReference; lastKnownFileType = sourcecode.cpp.cpp; path = CollectData.cpp; sourceTree = "<group>"; };
		8022B5852167A5F4005E39A7 /* ml_data */ = {isa = PBXFileReference; lastKnownFileType = folder; path = ml_data; sourceTree = "<group>"; };
		8022B5862167A7A8005E39A7 /* CreateMLData.cpp */ = {isa = PBXFileReference; lastKnownFileType = sourcecode.cpp.cpp; path = CreateMLData.cpp; sourceTree = "<group>"; };
		8022B58821685CA5005E39A7 /* ImageTool.hpp */ = {isa = PBXFileReference; fileEncoding = 4; lastKnownFileType = sourcecode.cpp.h; path = ImageTool.hpp; sourceTree = "<group>"; };
		803FF62121E7711800096FB6 /* ConvexHullDemo.cpp */ = {isa = PBXFileReference; lastKnownFileType = sourcecode.cpp.cpp; path = ConvexHullDemo.cpp; sourceTree = "<group>"; };
		805F02932148990400FE8595 /* OpencvStudy */ = {isa = PBXFileReference; explicitFileType = "compiled.mach-o.executable"; includeInIndex = 0; path = OpencvStudy; sourceTree = BUILT_PRODUCTS_DIR; };
		80635C6D219EACA50034D139 /* readshowpix.cpp */ = {isa = PBXFileReference; lastKnownFileType = sourcecode.cpp.cpp; path = readshowpix.cpp; sourceTree = "<group>"; };
		80635C6F219EB0610034D139 /* Histogram1D.hpp */ = {isa = PBXFileReference; lastKnownFileType = sourcecode.cpp.h; path = Histogram1D.hpp; sourceTree = "<group>"; };
		806837DB2191CEA200881922 /* Info.plist */ = {isa = PBXFileReference; fileEncoding = 4; lastKnownFileType = text.plist.xml; path = Info.plist; sourceTree = SOURCE_ROOT; };
		806837DC2191D6C800881922 /* readme.txt */ = {isa = PBXFileReference; fileEncoding = 4; lastKnownFileType = text; path = readme.txt; sourceTree = "<group>"; };
		807DB27E21E1DD1500BDAC33 /* DescripterFilePair.hpp */ = {isa = PBXFileReference; lastKnownFileType = sourcecode.cpp.h; path = DescripterFilePair.hpp; sourceTree = "<group>"; };
		807DB29321E209E900BDAC33 /* Rename.py */ = {isa = PBXFileReference; fileEncoding = 4; lastKnownFileType = text.script.python; path = Rename.py; sourceTree = "<group>"; };
		808A933C2160646400200F31 /* GestureDetect.cpp */ = {isa = PBXFileReference; fileEncoding = 4; lastKnownFileType = sourcecode.cpp.cpp; path = GestureDetect.cpp; sourceTree = "<group>"; };
		808A933E2160648600200F31 /* Tool.hpp */ = {isa = PBXFileReference; lastKnownFileType = sourcecode.cpp.h; path = Tool.hpp; sourceTree = "<group>"; };
		808A933F2160648E00200F31 /* headers.hpp */ = {isa = PBXFileReference; lastKnownFileType = sourcecode.cpp.h; path = headers.hpp; sourceTree = "<group>"; };
		80AB3ECD21DE541C00F114BE /* GestureDetectV2.cpp */ = {isa = PBXFileReference; lastKnownFileType = sourcecode.cpp.cpp; path = GestureDetectV2.cpp; sourceTree = "<group>"; };
		80BE987121EB071B0099984D /* number_data */ = {isa = PBXFileReference; lastKnownFileType = folder; path = number_data; sourceTree = "<group>"; };
		80BE987321EB07890099984D /* NumberRec.hpp */ = {isa = PBXFileReference; fileEncoding = 4; lastKnownFileType = sourcecode.cpp.h; path = NumberRec.hpp; sourceTree = "<group>"; };
		80BE987421EB07A80099984D /* Demo.cpp */ = {isa = PBXFileReference; fileEncoding = 4; lastKnownFileType = sourcecode.cpp.cpp; path = Demo.cpp; sourceTree = "<group>"; };
		80BE987621EB07AF0099984D /* CollectData.cpp */ = {isa = PBXFileReference; fileEncoding = 4; lastKnownFileType = sourcecode.cpp.cpp; path = CollectData.cpp; sourceTree = "<group>"; };
		80D1CCC6219A62CB006B1D2E /* Test.cpp */ = {isa = PBXFileReference; lastKnownFileType = sourcecode.cpp.cpp; path = Test.cpp; sourceTree = "<group>"; };
/* End PBXFileReference section */

/* Begin PBXFrameworksBuildPhase section */
		805F02902148990300FE8595 /* Frameworks */ = {
			isa = PBXFrameworksBuildPhase;
			buildActionMask = 2147483647;
			files = (
			);
			runOnlyForDeploymentPostprocessing = 0;
		};
/* End PBXFrameworksBuildPhase section */

/* Begin PBXGroup section */
		80050F2D21FA024E008CB718 /* demos */ = {
			isa = PBXGroup;
			children = (
				80050F3521FA06D4008CB718 /* haarcascade_eye_tree_eyeglasses.xml */,
				80050F3621FA06D4008CB718 /* haarcascade_frontalface_alt.xml */,
				80050F3321FA0643008CB718 /* objectDetection.cpp */,
				80050F3121FA041A008CB718 /* lkdemo.cpp */,
				80050F2E21FA0278008CB718 /* camshift.cpp */,
			);
			path = demos;
			sourceTree = "<group>";
		};
		805F028A2148990300FE8595 = {
			isa = PBXGroup;
			children = (
				806837DB2191CEA200881922 /* Info.plist */,
				806837DC2191D6C800881922 /* readme.txt */,
				805F02952148990400FE8595 /* OpencvStudy */,
				805F02942148990400FE8595 /* Products */,
			);
			sourceTree = "<group>";
		};
		805F02942148990400FE8595 /* Products */ = {
			isa = PBXGroup;
			children = (
				805F02932148990400FE8595 /* OpencvStudy */,
			);
			name = Products;
			sourceTree = "<group>";
		};
		805F02952148990400FE8595 /* OpencvStudy */ = {
			isa = PBXGroup;
			children = (
				80050F2D21FA024E008CB718 /* demos */,
				8022B5852167A5F4005E39A7 /* ml_data */,
				80BE987121EB071B0099984D /* number_data */,
				807DB29321E209E900BDAC33 /* Rename.py */,
				808A93412160662C00200F31 /* utils */,
				808A93402160661A00200F31 /* skin_gesture_detct */,
				80BE987221EB076B0099984D /* number_rec */,
			);
			path = OpencvStudy;
			sourceTree = "<group>";
		};
		808A93402160661A00200F31 /* skin_gesture_detct */ = {
			isa = PBXGroup;
			children = (
				808A933C2160646400200F31 /* GestureDetect.cpp */,
				80AB3ECD21DE541C00F114BE /* GestureDetectV2.cpp */,
				8022B5862167A7A8005E39A7 /* CreateMLData.cpp */,
				8022B58221676D40005E39A7 /* CollectData.cpp */,
				80D1CCC6219A62CB006B1D2E /* Test.cpp */,
				80635C6D219EACA50034D139 /* readshowpix.cpp */,
				803FF62121E7711800096FB6 /* ConvexHullDemo.cpp */,
			);
			path = skin_gesture_detct;
			sourceTree = "<group>";
		};
		808A93412160662C00200F31 /* utils */ = {
			isa = PBXGroup;
			children = (
				8022B58821685CA5005E39A7 /* ImageTool.hpp */,
				808A933F2160648E00200F31 /* headers.hpp */,
				808A933E2160648600200F31 /* Tool.hpp */,
				80635C6F219EB0610034D139 /* Histogram1D.hpp */,
				807DB27E21E1DD1500BDAC33 /* DescripterFilePair.hpp */,
			);
			path = utils;
			sourceTree = "<group>";
		};
		80BE987221EB076B0099984D /* number_rec */ = {
			isa = PBXGroup;
			children = (
				80BE987621EB07AF0099984D /* CollectData.cpp */,
				80BE987421EB07A80099984D /* Demo.cpp */,
				80BE987321EB07890099984D /* NumberRec.hpp */,
			);
			path = number_rec;
			sourceTree = "<group>";
		};
/* End PBXGroup section */

/* Begin PBXNativeTarget section */
		805F02922148990300FE8595 /* OpencvStudy */ = {
			isa = PBXNativeTarget;
			buildConfigurationList = 805F029A2148990400FE8595 /* Build configuration list for PBXNativeTarget "OpencvStudy" */;
			buildPhases = (
				805F028F2148990300FE8595 /* Sources */,
				805F02902148990300FE8595 /* Frameworks */,
				805F02912148990300FE8595 /* CopyFiles */,
			);
			buildRules = (
			);
			dependencies = (
			);
			name = OpencvStudy;
			productName = OpencvStudy;
			productReference = 805F02932148990400FE8595 /* OpencvStudy */;
			productType = "com.apple.product-type.tool";
		};
/* End PBXNativeTarget section */

/* Begin PBXProject section */
		805F028B2148990300FE8595 /* Project object */ = {
			isa = PBXProject;
			attributes = {
				LastUpgradeCheck = 0940;
				ORGANIZATIONNAME = wangzy;
				TargetAttributes = {
					805F02922148990300FE8595 = {
						CreatedOnToolsVersion = 9.4.1;
					};
				};
			};
			buildConfigurationList = 805F028E2148990300FE8595 /* Build configuration list for PBXProject "OpencvStudy" */;
			compatibilityVersion = "Xcode 9.3";
			developmentRegion = en;
			hasScannedForEncodings = 0;
			knownRegions = (
				en,
			);
			mainGroup = 805F028A2148990300FE8595;
			productRefGroup = 805F02942148990400FE8595 /* Products */;
			projectDirPath = "";
			projectRoot = "";
			targets = (
				805F02922148990300FE8595 /* OpencvStudy */,
			);
		};
/* End PBXProject section */

/* Begin PBXSourcesBuildPhase section */
		805F028F2148990300FE8595 /* Sources */ = {
			isa = PBXSourcesBuildPhase;
			buildActionMask = 2147483647;
			files = (
				80BE987521EB07A80099984D /* Demo.cpp in Sources */,
				803FF62321E7711800096FB6 /* ConvexHullDemo.cpp in Sources */,
				80AB3ECF21DE541C00F114BE /* GestureDetectV2.cpp in Sources */,
				8022B58321676D40005E39A7 /* CollectData.cpp in Sources */,
				80D1CCC7219A62CB006B1D2E /* Test.cpp in Sources */,
				80635C6E219EACA50034D139 /* readshowpix.cpp in Sources */,
				80BE987721EB07AF0099984D /* CollectData.cpp in Sources */,
				80635C70219EB0610034D139 /* Histogram1D.hpp in Sources */,
				80050F3421FA0643008CB718 /* objectDetection.cpp in Sources */,
				808A933D2160646400200F31 /* GestureDetect.cpp in Sources */,
				80050F3021FA0278008CB718 /* camshift.cpp in Sources */,
				8022B5872167A7A8005E39A7 /* CreateMLData.cpp in Sources */,
				80050F3221FA041A008CB718 /* lkdemo.cpp in Sources */,
			);
			runOnlyForDeploymentPostprocessing = 0;
		};
/* End PBXSourcesBuildPhase section */

/* Begin XCBuildConfiguration section */
		805F02982148990400FE8595 /* Debug */ = {
			isa = XCBuildConfiguration;
			buildSettings = {
				ALWAYS_SEARCH_USER_PATHS = NO;
				CLANG_ANALYZER_NONNULL = YES;
				CLANG_ANALYZER_NUMBER_OBJECT_CONVERSION = YES_AGGRESSIVE;
				CLANG_CXX_LANGUAGE_STANDARD = "gnu++14";
				CLANG_CXX_LIBRARY = "libc++";
				CLANG_ENABLE_MODULES = YES;
				CLANG_ENABLE_OBJC_ARC = YES;
				CLANG_ENABLE_OBJC_WEAK = YES;
				CLANG_WARN_BLOCK_CAPTURE_AUTORELEASING = YES;
				CLANG_WARN_BOOL_CONVERSION = YES;
				CLANG_WARN_COMMA = YES;
				CLANG_WARN_CONSTANT_CONVERSION = YES;
				CLANG_WARN_DEPRECATED_OBJC_IMPLEMENTATIONS = YES;
				CLANG_WARN_DIRECT_OBJC_ISA_USAGE = YES_ERROR;
				CLANG_WARN_DOCUMENTATION_COMMENTS = YES;
				CLANG_WARN_EMPTY_BODY = YES;
				CLANG_WARN_ENUM_CONVERSION = YES;
				CLANG_WARN_INFINITE_RECURSION = YES;
				CLANG_WARN_INT_CONVERSION = YES;
				CLANG_WARN_NON_LITERAL_NULL_CONVERSION = YES;
				CLANG_WARN_OBJC_IMPLICIT_RETAIN_SELF = YES;
				CLANG_WARN_OBJC_LITERAL_CONVERSION = YES;
				CLANG_WARN_OBJC_ROOT_CLASS = YES_ERROR;
				CLANG_WARN_RANGE_LOOP_ANALYSIS = YES;
				CLANG_WARN_STRICT_PROTOTYPES = YES;
				CLANG_WARN_SUSPICIOUS_MOVE = YES;
				CLANG_WARN_UNGUARDED_AVAILABILITY = YES_AGGRESSIVE;
				CLANG_WARN_UNREACHABLE_CODE = YES;
				CLANG_WARN__DUPLICATE_METHOD_MATCH = YES;
				CODE_SIGN_IDENTITY = "-";
				COPY_PHASE_STRIP = NO;
				DEBUG_INFORMATION_FORMAT = dwarf;
				ENABLE_STRICT_OBJC_MSGSEND = YES;
				ENABLE_TESTABILITY = YES;
				GCC_C_LANGUAGE_STANDARD = gnu11;
				GCC_DYNAMIC_NO_PIC = NO;
				GCC_NO_COMMON_BLOCKS = YES;
				GCC_OPTIMIZATION_LEVEL = 0;
				GCC_PREPROCESSOR_DEFINITIONS = (
					"DEBUG=1",
					"$(inherited)",
				);
				GCC_WARN_64_TO_32_BIT_CONVERSION = YES;
				GCC_WARN_ABOUT_RETURN_TYPE = YES_ERROR;
				GCC_WARN_UNDECLARED_SELECTOR = YES;
				GCC_WARN_UNINITIALIZED_AUTOS = YES_AGGRESSIVE;
				GCC_WARN_UNUSED_FUNCTION = YES;
				GCC_WARN_UNUSED_VARIABLE = YES;
				MACOSX_DEPLOYMENT_TARGET = 10.13;
				MTL_ENABLE_DEBUG_INFO = YES;
				ONLY_ACTIVE_ARCH = YES;
				SDKROOT = macosx;
			};
			name = Debug;
		};
		805F02992148990400FE8595 /* Release */ = {
			isa = XCBuildConfiguration;
			buildSettings = {
				ALWAYS_SEARCH_USER_PATHS = NO;
				CLANG_ANALYZER_NONNULL = YES;
				CLANG_ANALYZER_NUMBER_OBJECT_CONVERSION = YES_AGGRESSIVE;
				CLANG_CXX_LANGUAGE_STANDARD = "gnu++14";
				CLANG_CXX_LIBRARY = "libc++";
				CLANG_ENABLE_MODULES = YES;
				CLANG_ENABLE_OBJC_ARC = YES;
				CLANG_ENABLE_OBJC_WEAK = YES;
				CLANG_WARN_BLOCK_CAPTURE_AUTORELEASING = YES;
				CLANG_WARN_BOOL_CONVERSION = YES;
				CLANG_WARN_COMMA = YES;
				CLANG_WARN_CONSTANT_CONVERSION = YES;
				CLANG_WARN_DEPRECATED_OBJC_IMPLEMENTATIONS = YES;
				CLANG_WARN_DIRECT_OBJC_ISA_USAGE = YES_ERROR;
				CLANG_WARN_DOCUMENTATION_COMMENTS = YES;
				CLANG_WARN_EMPTY_BODY = YES;
				CLANG_WARN_ENUM_CONVERSION = YES;
				CLANG_WARN_INFINITE_RECURSION = YES;
				CLANG_WARN_INT_CONVERSION = YES;
				CLANG_WARN_NON_LITERAL_NULL_CONVERSION = YES;
				CLANG_WARN_OBJC_IMPLICIT_RETAIN_SELF = YES;
				CLANG_WARN_OBJC_LITERAL_CONVERSION = YES;
				CLANG_WARN_OBJC_ROOT_CLASS = YES_ERROR;
				CLANG_WARN_RANGE_LOOP_ANALYSIS = YES;
				CLANG_WARN_STRICT_PROTOTYPES = YES;
				CLANG_WARN_SUSPICIOUS_MOVE = YES;
				CLANG_WARN_UNGUARDED_AVAILABILITY = YES_AGGRESSIVE;
				CLANG_WARN_UNREACHABLE_CODE = YES;
				CLANG_WARN__DUPLICATE_METHOD_MATCH = YES;
				CODE_SIGN_IDENTITY = "-";
				COPY_PHASE_STRIP = NO;
				DEBUG_INFORMATION_FORMAT = "dwarf-with-dsym";
				ENABLE_NS_ASSERTIONS = NO;
				ENABLE_STRICT_OBJC_MSGSEND = YES;
				GCC_C_LANGUAGE_STANDARD = gnu11;
				GCC_NO_COMMON_BLOCKS = YES;
				GCC_WARN_64_TO_32_BIT_CONVERSION = YES;
				GCC_WARN_ABOUT_RETURN_TYPE = YES_ERROR;
				GCC_WARN_UNDECLARED_SELECTOR = YES;
				GCC_WARN_UNINITIALIZED_AUTOS = YES_AGGRESSIVE;
				GCC_WARN_UNUSED_FUNCTION = YES;
				GCC_WARN_UNUSED_VARIABLE = YES;
				MACOSX_DEPLOYMENT_TARGET = 10.13;
				MTL_ENABLE_DEBUG_INFO = NO;
				SDKROOT = macosx;
			};
			name = Release;
		};
		805F029B2148990400FE8595 /* Debug */ = {
			isa = XCBuildConfiguration;
			buildSettings = {
				CODE_SIGN_STYLE = Automatic;
				HEADER_SEARCH_PATHS = /usr/local/include;
				INFOPLIST_FILE = "$(SRCROOT)/Info.plist";
				LIBRARY_SEARCH_PATHS = /usr/local/lib;
				OTHER_LDFLAGS = (
					"-lopencv_calib3d",
					"-lopencv_core",
					"-lopencv_features2d",
					"-lopencv_flann",
					"-lopencv_highgui",
					"-lopencv_imgcodecs",
					"-lopencv_imgproc",
					"-lopencv_ml",
					"-lopencv_objdetect",
					"-lopencv_photo",
					"-lopencv_shape",
					"-lopencv_stitching",
					"-lopencv_superres",
					"-lopencv_video",
					"-lopencv_videoio",
					"-lopencv_videostab",
				);
				PRODUCT_NAME = "$(TARGET_NAME)";
			};
			name = Debug;
		};
		805F029C2148990400FE8595 /* Release */ = {
			isa = XCBuildConfiguration;
			buildSettings = {
				CODE_SIGN_STYLE = Automatic;
				HEADER_SEARCH_PATHS = /usr/local/include;
				INFOPLIST_FILE = "$(SRCROOT)/Info.plist";
				LIBRARY_SEARCH_PATHS = /usr/local/lib;
				OTHER_LDFLAGS = (
					"-lopencv_calib3d",
					"-lopencv_core",
					"-lopencv_features2d",
					"-lopencv_flann",
					"-lopencv_highgui",
					"-lopencv_imgcodecs",
					"-lopencv_imgproc",
					"-lopencv_ml",
					"-lopencv_objdetect",
					"-lopencv_photo",
					"-lopencv_shape",
					"-lopencv_stitching",
					"-lopencv_superres",
					"-lopencv_video",
					"-lopencv_videoio",
					"-lopencv_videostab",
				);
				PRODUCT_NAME = "$(TARGET_NAME)";
			};
			name = Release;
		};
/* End XCBuildConfiguration section */

/* Begin XCConfigurationList section */
		805F028E2148990300FE8595 /* Build configuration list for PBXProject "OpencvStudy" */ = {
			isa = XCConfigurationList;
			buildConfigurations = (
				805F02982148990400FE8595 /* Debug */,
				805F02992148990400FE8595 /* Release */,
			);
			defaultConfigurationIsVisible = 0;
			defaultConfigurationName = Release;
		};
		805F029A2148990400FE8595 /* Build configuration list for PBXNativeTarget "OpencvStudy" */ = {
			isa = XCConfigurationList;
			buildConfigurations = (
				805F029B2148990400FE8595 /* Debug */,
				805F029C2148990400FE8595 /* Release */,
			);
			defaultConfigurationIsVisible = 0;
			defaultConfigurationName = Release;
		};
/* End XCConfigurationList section */
	};
	rootObject = 805F028B2148990300FE8595 /* Project object */;
}
